// !$*UTF8*$!
{
	archiveVersion = 1;
	classes = {
	};
	objectVersion = 48;
	objects = {

/* Begin PBXBuildFile section */
		AC9B5E4D203A731700644323 /* AppDelegate.m in Sources */ = {isa = PBXBuildFile; fileRef = AC9B5E4C203A731700644323 /* AppDelegate.m */; };
		AC9B5E50203A731700644323 /* ViewController.m in Sources */ = {isa = PBXBuildFile; fileRef = AC9B5E4F203A731700644323 /* ViewController.m */; };
		AC9B5E53203A731700644323 /* Main.storyboard in Resources */ = {isa = PBXBuildFile; fileRef = AC9B5E51203A731700644323 /* Main.storyboard */; };
		AC9B5E55203A731700644323 /* Assets.xcassets in Resources */ = {isa = PBXBuildFile; fileRef = AC9B5E54203A731700644323 /* Assets.xcassets */; };
		AC9B5E58203A731700644323 /* LaunchScreen.storyboard in Resources */ = {isa = PBXBuildFile; fileRef = AC9B5E56203A731700644323 /* LaunchScreen.storyboard */; };
		AC9B5E5B203A731700644323 /* main.m in Sources */ = {isa = PBXBuildFile; fileRef = AC9B5E5A203A731700644323 /* main.m */; };
		AC9B5E63203A87FE00644323 /* WebViewController.m in Sources */ = {isa = PBXBuildFile; fileRef = AC9B5E62203A87FE00644323 /* WebViewController.m */; };
		AC9B5E66203A91B000644323 /* WebKit.framework in Frameworks */ = {isa = PBXBuildFile; fileRef = AC9B5E65203A91B000644323 /* WebKit.framework */; };
		AC9B5E6A203A975F00644323 /* main.html in Resources */ = {isa = PBXBuildFile; fileRef = AC9B5E67203A975E00644323 /* main.html */; };
		AC9B5E6B203A975F00644323 /* second.html in Resources */ = {isa = PBXBuildFile; fileRef = AC9B5E68203A975E00644323 /* second.html */; };
		AC9B5E6C203A975F00644323 /* main.css in Resources */ = {isa = PBXBuildFile; fileRef = AC9B5E69203A975E00644323 /* main.css */; };
		AC9B5E6F203B5ADC00644323 /* jquery.js in Resources */ = {isa = PBXBuildFile; fileRef = AC9B5E6E203B5ADC00644323 /* jquery.js */; };
/* End PBXBuildFile section */

/* Begin PBXFileReference section */
		AC9B5E48203A731700644323 /* HybridDemo.app */ = {isa = PBXFileReference; explicitFileType = wrapper.application; includeInIndex = 0; path = HybridDemo.app; sourceTree = BUILT_PRODUCTS_DIR; };
		AC9B5E4B203A731700644323 /* AppDelegate.h */ = {isa = PBXFileReference; lastKnownFileType = sourcecode.c.h; path = AppDelegate.h; sourceTree = "<group>"; };
		AC9B5E4C203A731700644323 /* AppDelegate.m */ = {isa = PBXFileReference; lastKnownFileType = sourcecode.c.objc; path = AppDelegate.m; sourceTree = "<group>"; };
		AC9B5E4E203A731700644323 /* ViewController.h */ = {isa = PBXFileReference; lastKnownFileType = sourcecode.c.h; path = ViewController.h; sourceTree = "<group>"; };
		AC9B5E4F203A731700644323 /* ViewController.m */ = {isa = PBXFileReference; lastKnownFileType = sourcecode.c.objc; path = ViewController.m; sourceTree = "<group>"; };
		AC9B5E52203A731700644323 /* Base */ = {isa = PBXFileReference; lastKnownFileType = file.storyboard; name = Base; path = Base.lproj/Main.storyboard; sourceTree = "<group>"; };
		AC9B5E54203A731700644323 /* Assets.xcassets */ = {isa = PBXFileReference; lastKnownFileType = folder.assetcatalog; path = Assets.xcassets; sourceTree = "<group>"; };
		AC9B5E57203A731700644323 /* Base */ = {isa = PBXFileReference; lastKnownFileType = file.storyboard; name = Base; path = Base.lproj/LaunchScreen.storyboard; sourceTree = "<group>"; };
		AC9B5E59203A731700644323 /* Info.plist */ = {isa = PBXFileReference; lastKnownFileType = text.plist.xml; path = Info.plist; sourceTree = "<group>"; };
		AC9B5E5A203A731700644323 /* main.m */ = {isa = PBXFileReference; lastKnownFileType = sourcecode.c.objc; path = main.m; sourceTree = "<group>"; };
		AC9B5E61203A87FE00644323 /* WebViewController.h */ = {isa = PBXFileReference; lastKnownFileType = sourcecode.c.h; path = WebViewController.h; sourceTree = "<group>"; };
		AC9B5E62203A87FE00644323 /* WebViewController.m */ = {isa = PBXFileReference; lastKnownFileType = sourcecode.c.objc; path = WebViewController.m; sourceTree = "<group>"; };
		AC9B5E65203A91B000644323 /* WebKit.framework */ = {isa = PBXFileReference; lastKnownFileType = wrapper.framework; name = WebKit.framework; path = System/Library/Frameworks/WebKit.framework; sourceTree = SDKROOT; };
		AC9B5E67203A975E00644323 /* main.html */ = {isa = PBXFileReference; lastKnownFileType = text.html; name = main.html; path = ../../common/main.html; sourceTree = "<group>"; };
		AC9B5E68203A975E00644323 /* second.html */ = {isa = PBXFileReference; lastKnownFileType = text.html; name = second.html; path = ../../common/second.html; sourceTree = "<group>"; };
		AC9B5E69203A975E00644323 /* main.css */ = {isa = PBXFileReference; lastKnownFileType = text.css; name = main.css; path = ../../common/main.css; sourceTree = "<group>"; };
		AC9B5E6E203B5ADC00644323 /* jquery.js */ = {isa = PBXFileReference; fileEncoding = 4; lastKnownFileType = sourcecode.javascript; name = jquery.js; path = ../../common/jquery.js; sourceTree = "<group>"; };
/* End PBXFileReference section */

/* Begin PBXFrameworksBuildPhase section */
		AC9B5E45203A731700644323 /* Frameworks */ = {
			isa = PBXFrameworksBuildPhase;
			buildActionMask = 2147483647;
			files = (
				AC9B5E66203A91B000644323 /* WebKit.framework in Frameworks */,
			);
			runOnlyForDeploymentPostprocessing = 0;
		};
/* End PBXFrameworksBuildPhase section */

/* Begin PBXGroup section */
		AC9B5E3F203A731700644323 = {
			isa = PBXGroup;
			children = (
				AC9B5E6D203A976B00644323 /* Common */,
				AC9B5E4A203A731700644323 /* HybridDemo */,
				AC9B5E49203A731700644323 /* Products */,
				AC9B5E64203A91B000644323 /* Frameworks */,
			);
			sourceTree = "<group>";
		};
		AC9B5E49203A731700644323 /* Products */ = {
			isa = PBXGroup;
			children = (
				AC9B5E48203A731700644323 /* HybridDemo.app */,
			);
			name = Products;
			sourceTree = "<group>";
		};
		AC9B5E4A203A731700644323 /* HybridDemo */ = {
			isa = PBXGroup;
			children = (
				AC9B5E4B203A731700644323 /* AppDelegate.h */,
				AC9B5E4C203A731700644323 /* AppDelegate.m */,
				AC9B5E54203A731700644323 /* Assets.xcassets */,
				AC9B5E59203A731700644323 /* Info.plist */,
				AC9B5E56203A731700644323 /* LaunchScreen.storyboard */,
				AC9B5E5A203A731700644323 /* main.m */,
				AC9B5E51203A731700644323 /* Main.storyboard */,
				AC9B5E4E203A731700644323 /* ViewController.h */,
				AC9B5E4F203A731700644323 /* ViewController.m */,
				AC9B5E61203A87FE00644323 /* WebViewController.h */,
				AC9B5E62203A87FE00644323 /* WebViewController.m */,
			);
			path = HybridDemo;
			sourceTree = "<group>";
		};
		AC9B5E64203A91B000644323 /* Frameworks */ = {
			isa = PBXGroup;
			children = (
				AC9B5E65203A91B000644323 /* WebKit.framework */,
			);
			name = Frameworks;
			sourceTree = "<group>";
		};
		AC9B5E6D203A976B00644323 /* Common */ = {
			isa = PBXGroup;
			children = (
				AC9B5E6E203B5ADC00644323 /* jquery.js */,
				AC9B5E69203A975E00644323 /* main.css */,
				AC9B5E67203A975E00644323 /* main.html */,
				AC9B5E68203A975E00644323 /* second.html */,
			);
			name = Common;
			sourceTree = "<group>";
		};
/* End PBXGroup section */

/* Begin PBXNativeTarget section */
		AC9B5E47203A731700644323 /* HybridDemo */ = {
			isa = PBXNativeTarget;
			buildConfigurationList = AC9B5E5E203A731700644323 /* Build configuration list for PBXNativeTarget "HybridDemo" */;
			buildPhases = (
				AC9B5E44203A731700644323 /* Sources */,
				AC9B5E45203A731700644323 /* Frameworks */,
				AC9B5E46203A731700644323 /* Resources */,
			);
			buildRules = (
			);
			dependencies = (
			);
			name = HybridDemo;
			productName = HybridDemo;
			productReference = AC9B5E48203A731700644323 /* HybridDemo.app */;
			productType = "com.apple.product-type.application";
		};
/* End PBXNativeTarget section */

/* Begin PBXProject section */
		AC9B5E40203A731700644323 /* Project object */ = {
			isa = PBXProject;
			attributes = {
				LastUpgradeCheck = 0920;
				ORGANIZATIONNAME = "Ulewicz, Szymon";
				TargetAttributes = {
					AC9B5E47203A731700644323 = {
						CreatedOnToolsVersion = 9.2;
						ProvisioningStyle = Automatic;
					};
				};
			};
			buildConfigurationList = AC9B5E43203A731700644323 /* Build configuration list for PBXProject "HybridDemo" */;
			compatibilityVersion = "Xcode 8.0";
			developmentRegion = en;
			hasScannedForEncodings = 0;
			knownRegions = (
				en,
				Base,
			);
			mainGroup = AC9B5E3F203A731700644323;
			productRefGroup = AC9B5E49203A731700644323 /* Products */;
			projectDirPath = "";
			projectRoot = "";
			targets = (
				AC9B5E47203A731700644323 /* HybridDemo */,
			);
		};
/* End PBXProject section */

/* Begin PBXResourcesBuildPhase section */
		AC9B5E46203A731700644323 /* Resources */ = {
			isa = PBXResourcesBuildPhase;
			buildActionMask = 2147483647;
			files = (
				AC9B5E6A203A975F00644323 /* main.html in Resources */,
				AC9B5E6B203A975F00644323 /* second.html in Resources */,
				AC9B5E6C203A975F00644323 /* main.css in Resources */,
				AC9B5E58203A731700644323 /* LaunchScreen.storyboard in Resources */,
				AC9B5E55203A731700644323 /* Assets.xcassets in Resources */,
				AC9B5E6F203B5ADC00644323 /* jquery.js in Resources */,
				AC9B5E53203A731700644323 /* Main.storyboard in Resources */,
			);
			runOnlyForDeploymentPostprocessing = 0;
		};
/* End PBXResourcesBuildPhase section */

/* Begin PBXSourcesBuildPhase section */
		AC9B5E44203A731700644323 /* Sources */ = {
			isa = PBXSourcesBuildPhase;
			buildActionMask = 2147483647;
			files = (
				AC9B5E50203A731700644323 /* ViewController.m in Sources */,
				AC9B5E5B203A731700644323 /* main.m in Sources */,
				AC9B5E4D203A731700644323 /* AppDelegate.m in Sources */,
				AC9B5E63203A87FE00644323 /* WebViewController.m in Sources */,
			);
			runOnlyForDeploymentPostprocessing = 0;
		};
/* End PBXSourcesBuildPhase section */

/* Begin PBXVariantGroup section */
		AC9B5E51203A731700644323 /* Main.storyboard */ = {
			isa = PBXVariantGroup;
			children = (
				AC9B5E52203A731700644323 /* Base */,
			);
			name = Main.storyboard;
			sourceTree = "<group>";
		};
		AC9B5E56203A731700644323 /* LaunchScreen.storyboard */ = {
			isa = PBXVariantGroup;
			children = (
				AC9B5E57203A731700644323 /* Base */,
			);
			name = LaunchScreen.storyboard;
			sourceTree = "<group>";
		};
/* End PBXVariantGroup section */

/* Begin XCBuildConfiguration section */
		AC9B5E5C203A731700644323 /* Debug */ = {
			isa = XCBuildConfiguration;
			buildSettings = {
				ALWAYS_SEARCH_USER_PATHS = NO;
				CLANG_ANALYZER_NONNULL = YES;
				CLANG_ANALYZER_NUMBER_OBJECT_CONVERSION = YES_AGGRESSIVE;
				CLANG_CXX_LANGUAGE_STANDARD = "gnu++14";
				CLANG_CXX_LIBRARY = "libc++";
				CLANG_ENABLE_MODULES = YES;
				CLANG_ENABLE_OBJC_ARC = YES;
				CLANG_WARN_BLOCK_CAPTURE_AUTORELEASING = YES;
				CLANG_WARN_BOOL_CONVERSION = YES;
				CLANG_WARN_COMMA = YES;
				CLANG_WARN_CONSTANT_CONVERSION = YES;
				CLANG_WARN_DIRECT_OBJC_ISA_USAGE = YES_ERROR;
				CLANG_WARN_DOCUMENTATION_COMMENTS = YES;
				CLANG_WARN_EMPTY_BODY = YES;
				CLANG_WARN_ENUM_CONVERSION = YES;
				CLANG_WARN_INFINITE_RECURSION = YES;
				CLANG_WARN_INT_CONVERSION = YES;
				CLANG_WARN_NON_LITERAL_NULL_CONVERSION = YES;
				CLANG_WARN_OBJC_LITERAL_CONVERSION = YES;
				CLANG_WARN_OBJC_ROOT_CLASS = YES_ERROR;
				CLANG_WARN_RANGE_LOOP_ANALYSIS = YES;
				CLANG_WARN_STRICT_PROTOTYPES = YES;
				CLANG_WARN_SUSPICIOUS_MOVE = YES;
				CLANG_WARN_UNGUARDED_AVAILABILITY = YES_AGGRESSIVE;
				CLANG_WARN_UNREACHABLE_CODE = YES;
				CLANG_WARN__DUPLICATE_METHOD_MATCH = YES;
				CODE_SIGN_IDENTITY = "iPhone Developer";
				COPY_PHASE_STRIP = NO;
				DEBUG_INFORMATION_FORMAT = dwarf;
				ENABLE_STRICT_OBJC_MSGSEND = YES;
				ENABLE_TESTABILITY = YES;
				GCC_C_LANGUAGE_STANDARD = gnu11;
				GCC_DYNAMIC_NO_PIC = NO;
				GCC_NO_COMMON_BLOCKS = YES;
				GCC_OPTIMIZATION_LEVEL = 0;
				GCC_PREPROCESSOR_DEFINITIONS = (
					"DEBUG=1",
					"$(inherited)",
				);
				GCC_WARN_64_TO_32_BIT_CONVERSION = YES;
				GCC_WARN_ABOUT_RETURN_TYPE = YES_ERROR;
				GCC_WARN_UNDECLARED_SELECTOR = YES;
				GCC_WARN_UNINITIALIZED_AUTOS = YES_AGGRESSIVE;
				GCC_WARN_UNUSED_FUNCTION = YES;
				GCC_WARN_UNUSED_VARIABLE = YES;
				IPHONEOS_DEPLOYMENT_TARGET = 11.2;
				MTL_ENABLE_DEBUG_INFO = YES;
				ONLY_ACTIVE_ARCH = YES;
				SDKROOT = iphoneos;
			};
			name = Debug;
		};
		AC9B5E5D203A731700644323 /* Release */ = {
			isa = XCBuildConfiguration;
			buildSettings = {
				ALWAYS_SEARCH_USER_PATHS = NO;
				CLANG_ANALYZER_NONNULL = YES;
				CLANG_ANALYZER_NUMBER_OBJECT_CONVERSION = YES_AGGRESSIVE;
				CLANG_CXX_LANGUAGE_STANDARD = "gnu++14";
				CLANG_CXX_LIBRARY = "libc++";
				CLANG_ENABLE_MODULES = YES;
				CLANG_ENABLE_OBJC_ARC = YES;
				CLANG_WARN_BLOCK_CAPTURE_AUTORELEASING = YES;
				CLANG_WARN_BOOL_CONVERSION = YES;
				CLANG_WARN_COMMA = YES;
				CLANG_WARN_CONSTANT_CONVERSION = YES;
				CLANG_WARN_DIRECT_OBJC_ISA_USAGE = YES_ERROR;
				CLANG_WARN_DOCUMENTATION_COMMENTS = YES;
				CLANG_WARN_EMPTY_BODY = YES;
				CLANG_WARN_ENUM_CONVERSION = YES;
				CLANG_WARN_INFINITE_RECURSION = YES;
				CLANG_WARN_INT_CONVERSION = YES;
				CLANG_WARN_NON_LITERAL_NULL_CONVERSION = YES;
				CLANG_WARN_OBJC_LITERAL_CONVERSION = YES;
				CLANG_WARN_OBJC_ROOT_CLASS = YES_ERROR;
				CLANG_WARN_RANGE_LOOP_ANALYSIS = YES;
				CLANG_WARN_STRICT_PROTOTYPES = YES;
				CLANG_WARN_SUSPICIOUS_MOVE = YES;
				CLANG_WARN_UNGUARDED_AVAILABILITY = YES_AGGRESSIVE;
				CLANG_WARN_UNREACHABLE_CODE = YES;
				CLANG_WARN__DUPLICATE_METHOD_MATCH = YES;
				CODE_SIGN_IDENTITY = "iPhone Developer";
				COPY_PHASE_STRIP = NO;
				DEBUG_INFORMATION_FORMAT = "dwarf-with-dsym";
				ENABLE_NS_ASSERTIONS = NO;
				ENABLE_STRICT_OBJC_MSGSEND = YES;
				GCC_C_LANGUAGE_STANDARD = gnu11;
				GCC_NO_COMMON_BLOCKS = YES;
				GCC_WARN_64_TO_32_BIT_CONVERSION = YES;
				GCC_WARN_ABOUT_RETURN_TYPE = YES_ERROR;
				GCC_WARN_UNDECLARED_SELECTOR = YES;
				GCC_WARN_UNINITIALIZED_AUTOS = YES_AGGRESSIVE;
				GCC_WARN_UNUSED_FUNCTION = YES;
				GCC_WARN_UNUSED_VARIABLE = YES;
				IPHONEOS_DEPLOYMENT_TARGET = 11.2;
				MTL_ENABLE_DEBUG_INFO = NO;
				SDKROOT = iphoneos;
				VALIDATE_PRODUCT = YES;
			};
			name = Release;
		};
		AC9B5E5F203A731700644323 /* Debug */ = {
			isa = XCBuildConfiguration;
			buildSettings = {
				ASSETCATALOG_COMPILER_APPICON_NAME = AppIcon;
				CODE_SIGN_STYLE = Automatic;
				DEVELOPMENT_TEAM = 5C7TP7UA36;
				INFOPLIST_FILE = HybridDemo/Info.plist;
				LD_RUNPATH_SEARCH_PATHS = "$(inherited) @executable_path/Frameworks";
				PRODUCT_BUNDLE_IDENTIFIER = org.coderoller.HybridDemo;
				PRODUCT_NAME = "$(TARGET_NAME)";
				TARGETED_DEVICE_FAMILY = "1,2";
			};
			name = Debug;
		};
		AC9B5E60203A731700644323 /* Release */ = {
			isa = XCBuildConfiguration;
			buildSettings = {
				ASSETCATALOG_COMPILER_APPICON_NAME = AppIcon;
				CODE_SIGN_STYLE = Automatic;
				DEVELOPMENT_TEAM = 5C7TP7UA36;
				INFOPLIST_FILE = HybridDemo/Info.plist;
				LD_RUNPATH_SEARCH_PATHS = "$(inherited) @executable_path/Frameworks";
				PRODUCT_BUNDLE_IDENTIFIER = org.coderoller.HybridDemo;
				PRODUCT_NAME = "$(TARGET_NAME)";
				TARGETED_DEVICE_FAMILY = "1,2";
			};
			name = Release;
		};
/* End XCBuildConfiguration section */

/* Begin XCConfigurationList section */
		AC9B5E43203A731700644323 /* Build configuration list for PBXProject "HybridDemo" */ = {
			isa = XCConfigurationList;
			buildConfigurations = (
				AC9B5E5C203A731700644323 /* Debug */,
				AC9B5E5D203A731700644323 /* Release */,
			);
			defaultConfigurationIsVisible = 0;
			defaultConfigurationName = Release;
		};
		AC9B5E5E203A731700644323 /* Build configuration list for PBXNativeTarget "HybridDemo" */ = {
			isa = XCConfigurationList;
			buildConfigurations = (
				AC9B5E5F203A731700644323 /* Debug */,
				AC9B5E60203A731700644323 /* Release */,
			);
			defaultConfigurationIsVisible = 0;
			defaultConfigurationName = Release;
		};
/* End XCConfigurationList section */
	};
	rootObject = AC9B5E40203A731700644323 /* Project object */;
}
